{
  "name": "bibli-naheulbeuk",
  "version": "1.0.0",
  "lockfileVersion": 2,
  "requires": true,
  "packages": {
    "": {
      "name": "bibli-naheulbeuk",
      "version": "1.0.0",
      "hasInstallScript": true,
      "dependencies": {
        "cg-offline-playback": "github:cguille/cg-offline-playback"
      }
    },
    "node_modules/ajax-download": {
      "version": "1.0.0",
      "resolved": "git+ssh://git@github.com/cguille/ajax-download.git#859806cae299da84fa533ac3b96a527212d01f06",
      "dependencies": {
        "dom-event-emitter": "cGuille/dom-event-emitter"
      }
    },
    "node_modules/cg-offline-playback": {
      "version": "1.0.0",
      "resolved": "git+ssh://git@github.com/cguille/cg-offline-playback.git#8b891a935037fa8efdd23420a9b747dde4092daa",
      "dependencies": {
        "ajax-download": "github:cguille/ajax-download"
      }
    },
    "node_modules/dom-event-emitter": {
      "version": "1.0.0",
      "resolved": "git+ssh://git@github.com/cGuille/dom-event-emitter.git#6cca46a47c5e5255cf9308bdcd9f0efa1f7ed482"
    }
  },
  "dependencies": {
    "ajax-download": {
      "version": "git+ssh://git@github.com/cguille/ajax-download.git#859806cae299da84fa533ac3b96a527212d01f06",
      "from": "ajax-download@github:cguille/ajax-download",
      "requires": {
        "dom-event-emitter": "cGuille/dom-event-emitter"
      }
    },
    "cg-offline-playback": {
      "version": "git+ssh://git@github.com/cguille/cg-offline-playback.git#8b891a935037fa8efdd23420a9b747dde4092daa",
      "from": "cg-offline-playback@github:cguille/cg-offline-playback",
      "requires": {
        "ajax-download": "github:cguille/ajax-download"
      }
    },
    "dom-event-emitter": {
      "version": "git+ssh://git@github.com/cGuille/dom-event-emitter.git#6cca46a47c5e5255cf9308bdcd9f0efa1f7ed482",
      "from": "dom-event-emitter@cGuille/dom-event-emitter"
    }
  }
}
